// !$*UTF8*$!
{
	archiveVersion = 1;
	classes = {
	};
	objectVersion = 46;
	objects = {

/* Begin PBXBuildFile section */
		572CB27216B19069002CB1B9 /* PWCameraOverlayView.xib in Resources */ = {isa = PBXBuildFile; fileRef = 572CB27116B19069002CB1B9 /* PWCameraOverlayView.xib */; };
		572CB27516B1931B002CB1B9 /* Crosshair.png in Resources */ = {isa = PBXBuildFile; fileRef = 572CB27416B1931B002CB1B9 /* Crosshair.png */; };
		572CB27816B1936D002CB1B9 /* PWCameraOverlayViewController.m in Sources */ = {isa = PBXBuildFile; fileRef = 572CB27716B1936D002CB1B9 /* PWCameraOverlayViewController.m */; };
		57640F3216ADE6EC00A94EC8 /* NSError_AlertSupport.m in Sources */ = {isa = PBXBuildFile; fileRef = 57640F3116ADE6EC00A94EC8 /* NSError_AlertSupport.m */; };
		57640F3D16AF399400A94EC8 /* PWImageThumbnailCell.m in Sources */ = {isa = PBXBuildFile; fileRef = 57640F3C16AF399400A94EC8 /* PWImageThumbnailCell.m */; };
		57640F4016AF574300A94EC8 /* PWFunctional.m in Sources */ = {isa = PBXBuildFile; fileRef = 57640F3F16AF574300A94EC8 /* PWFunctional.m */; };
		57640F4516AF615600A94EC8 /* PWFullImageViewController.m in Sources */ = {isa = PBXBuildFile; fileRef = 57640F4416AF615600A94EC8 /* PWFullImageViewController.m */; };
		57640F4716AF6A0D00A94EC8 /* PWFullImageView.xib in Resources */ = {isa = PBXBuildFile; fileRef = 57640F4616AF6A0D00A94EC8 /* PWFullImageView.xib */; };
		57640F4916AF797400A94EC8 /* Sample Picture 1.jpg in Resources */ = {isa = PBXBuildFile; fileRef = 57640F4816AF797400A94EC8 /* Sample Picture 1.jpg */; };
		57640F4B16AF815300A94EC8 /* Sample Picture 2.jpg in Resources */ = {isa = PBXBuildFile; fileRef = 57640F4A16AF815300A94EC8 /* Sample Picture 2.jpg */; };
		577108E016B3A76A007D32DA /* UIImage+Alpha.m in Sources */ = {isa = PBXBuildFile; fileRef = 577108DB16B3A76A007D32DA /* UIImage+Alpha.m */; };
		577108E116B3A76A007D32DA /* UIImage+Resize.m in Sources */ = {isa = PBXBuildFile; fileRef = 577108DD16B3A76A007D32DA /* UIImage+Resize.m */; };
		577108E216B3A76A007D32DA /* UIImage+RoundedCorner.m in Sources */ = {isa = PBXBuildFile; fileRef = 577108DF16B3A76A007D32DA /* UIImage+RoundedCorner.m */; };
		577108E516B5C5BD007D32DA /* Take Photo Icon.png in Resources */ = {isa = PBXBuildFile; fileRef = 577108E416B5C5BD007D32DA /* Take Photo Icon.png */; };
		57F1082916AC2DCD00907CBE /* UIKit.framework in Frameworks */ = {isa = PBXBuildFile; fileRef = 57F1082816AC2DCD00907CBE /* UIKit.framework */; };
		57F1082B16AC2DCD00907CBE /* Foundation.framework in Frameworks */ = {isa = PBXBuildFile; fileRef = 57F1082A16AC2DCD00907CBE /* Foundation.framework */; };
		57F1082D16AC2DCD00907CBE /* CoreGraphics.framework in Frameworks */ = {isa = PBXBuildFile; fileRef = 57F1082C16AC2DCD00907CBE /* CoreGraphics.framework */; };
		57F1083316AC2DCD00907CBE /* InfoPlist.strings in Resources */ = {isa = PBXBuildFile; fileRef = 57F1083116AC2DCD00907CBE /* InfoPlist.strings */; };
		57F1083516AC2DCD00907CBE /* main.m in Sources */ = {isa = PBXBuildFile; fileRef = 57F1083416AC2DCD00907CBE /* main.m */; };
		57F1083916AC2DCD00907CBE /* PWAppDelegate.m in Sources */ = {isa = PBXBuildFile; fileRef = 57F1083816AC2DCD00907CBE /* PWAppDelegate.m */; };
		57F1083B16AC2DCD00907CBE /* Default.png in Resources */ = {isa = PBXBuildFile; fileRef = 57F1083A16AC2DCD00907CBE /* Default.png */; };
		57F1083D16AC2DCD00907CBE /* Default@2x.png in Resources */ = {isa = PBXBuildFile; fileRef = 57F1083C16AC2DCD00907CBE /* Default@2x.png */; };
		57F1083F16AC2DCD00907CBE /* Default-568h@2x.png in Resources */ = {isa = PBXBuildFile; fileRef = 57F1083E16AC2DCD00907CBE /* Default-568h@2x.png */; };
		57F1084816AC2EC600907CBE /* PWPhotoViewController.m in Sources */ = {isa = PBXBuildFile; fileRef = 57F1084616AC2EC600907CBE /* PWPhotoViewController.m */; };
		57F1084916AC2EC600907CBE /* PWPhotoView.xib in Resources */ = {isa = PBXBuildFile; fileRef = 57F1084716AC2EC600907CBE /* PWPhotoView.xib */; };
		57F1084C16AC300400907CBE /* PWPhotoStore.m in Sources */ = {isa = PBXBuildFile; fileRef = 57F1084B16AC300400907CBE /* PWPhotoStore.m */; };
		57F1084E16AC35BF00907CBE /* MobileCoreServices.framework in Frameworks */ = {isa = PBXBuildFile; fileRef = 57F1084D16AC35BF00907CBE /* MobileCoreServices.framework */; };
		57F1085016AC400B00907CBE /* Stereogram Camera 114.png in Resources */ = {isa = PBXBuildFile; fileRef = 57F1084F16AC400B00907CBE /* Stereogram Camera 114.png */; };
		57F1085216AC403C00907CBE /* Stereogram Camera 57.png in Resources */ = {isa = PBXBuildFile; fileRef = 57F1085116AC403C00907CBE /* Stereogram Camera 57.png */; };
		57F1085716AC414700907CBE /* Stereogram Camera 144.png in Resources */ = {isa = PBXBuildFile; fileRef = 57F1085516AC407A00907CBE /* Stereogram Camera 144.png */; };
		57F1085816AC418D00907CBE /* Stereogram Camera 72.png in Resources */ = {isa = PBXBuildFile; fileRef = 57F1085316AC404900907CBE /* Stereogram Camera 72.png */; };
/* End PBXBuildFile section */

/* Begin PBXFileReference section */
		572CB27116B19069002CB1B9 /* PWCameraOverlayView.xib */ = {isa = PBXFileReference; fileEncoding = 4; lastKnownFileType = file.xib; path = PWCameraOverlayView.xib; sourceTree = "<group>"; };
		572CB27416B1931B002CB1B9 /* Crosshair.png */ = {isa = PBXFileReference; lastKnownFileType = image.png; path = Crosshair.png; sourceTree = "<group>"; };
		572CB27616B1936D002CB1B9 /* PWCameraOverlayViewController.h */ = {isa = PBXFileReference; fileEncoding = 4; lastKnownFileType = sourcecode.c.h; path = PWCameraOverlayViewController.h; sourceTree = "<group>"; };
		572CB27716B1936D002CB1B9 /* PWCameraOverlayViewController.m */ = {isa = PBXFileReference; fileEncoding = 4; lastKnownFileType = sourcecode.c.objc; path = PWCameraOverlayViewController.m; sourceTree = "<group>"; };
		57640F2F16ADE68B00A94EC8 /* NSError_AlertSupport.h */ = {isa = PBXFileReference; lastKnownFileType = sourcecode.c.h; path = NSError_AlertSupport.h; sourceTree = "<group>"; };
		57640F3116ADE6EC00A94EC8 /* NSError_AlertSupport.m */ = {isa = PBXFileReference; fileEncoding = 4; lastKnownFileType = sourcecode.c.objc; path = NSError_AlertSupport.m; sourceTree = "<group>"; };
		57640F3B16AF399400A94EC8 /* PWImageThumbnailCell.h */ = {isa = PBXFileReference; fileEncoding = 4; lastKnownFileType = sourcecode.c.h; path = PWImageThumbnailCell.h; sourceTree = "<group>"; };
		57640F3C16AF399400A94EC8 /* PWImageThumbnailCell.m */ = {isa = PBXFileReference; fileEncoding = 4; lastKnownFileType = sourcecode.c.objc; path = PWImageThumbnailCell.m; sourceTree = "<group>"; };
		57640F3E16AF574300A94EC8 /* PWFunctional.h */ = {isa = PBXFileReference; fileEncoding = 4; lastKnownFileType = sourcecode.c.h; path = PWFunctional.h; sourceTree = "<group>"; };
		57640F3F16AF574300A94EC8 /* PWFunctional.m */ = {isa = PBXFileReference; fileEncoding = 4; lastKnownFileType = sourcecode.c.objc; path = PWFunctional.m; sourceTree = "<group>"; };
		57640F4316AF615600A94EC8 /* PWFullImageViewController.h */ = {isa = PBXFileReference; fileEncoding = 4; lastKnownFileType = sourcecode.c.h; path = PWFullImageViewController.h; sourceTree = "<group>"; };
		57640F4416AF615600A94EC8 /* PWFullImageViewController.m */ = {isa = PBXFileReference; fileEncoding = 4; lastKnownFileType = sourcecode.c.objc; path = PWFullImageViewController.m; sourceTree = "<group>"; };
		57640F4616AF6A0D00A94EC8 /* PWFullImageView.xib */ = {isa = PBXFileReference; fileEncoding = 4; lastKnownFileType = file.xib; path = PWFullImageView.xib; sourceTree = "<group>"; };
		57640F4816AF797400A94EC8 /* Sample Picture 1.jpg */ = {isa = PBXFileReference; lastKnownFileType = image.jpeg; name = "Sample Picture 1.jpg"; path = "../Sample Picture 1.jpg"; sourceTree = "<group>"; };
		57640F4A16AF815300A94EC8 /* Sample Picture 2.jpg */ = {isa = PBXFileReference; lastKnownFileType = image.jpeg; path = "Sample Picture 2.jpg"; sourceTree = "<group>"; };
		577108DA16B3A76A007D32DA /* UIImage+Alpha.h */ = {isa = PBXFileReference; fileEncoding = 4; lastKnownFileType = sourcecode.c.h; path = "UIImage+Alpha.h"; sourceTree = "<group>"; };
		577108DB16B3A76A007D32DA /* UIImage+Alpha.m */ = {isa = PBXFileReference; fileEncoding = 4; lastKnownFileType = sourcecode.c.objc; path = "UIImage+Alpha.m"; sourceTree = "<group>"; };
		577108DC16B3A76A007D32DA /* UIImage+Resize.h */ = {isa = PBXFileReference; fileEncoding = 4; lastKnownFileType = sourcecode.c.h; path = "UIImage+Resize.h"; sourceTree = "<group>"; };
		577108DD16B3A76A007D32DA /* UIImage+Resize.m */ = {isa = PBXFileReference; fileEncoding = 4; lastKnownFileType = sourcecode.c.objc; path = "UIImage+Resize.m"; sourceTree = "<group>"; };
		577108DE16B3A76A007D32DA /* UIImage+RoundedCorner.h */ = {isa = PBXFileReference; fileEncoding = 4; lastKnownFileType = sourcecode.c.h; path = "UIImage+RoundedCorner.h"; sourceTree = "<group>"; };
		577108DF16B3A76A007D32DA /* UIImage+RoundedCorner.m */ = {isa = PBXFileReference; fileEncoding = 4; lastKnownFileType = sourcecode.c.objc; path = "UIImage+RoundedCorner.m"; sourceTree = "<group>"; };
		577108E416B5C5BD007D32DA /* Take Photo Icon.png */ = {isa = PBXFileReference; lastKnownFileType = image.png; path = "Take Photo Icon.png"; sourceTree = "<group>"; };
		57F1082416AC2DCD00907CBE /* Stereogram.app */ = {isa = PBXFileReference; explicitFileType = wrapper.application; includeInIndex = 0; path = Stereogram.app; sourceTree = BUILT_PRODUCTS_DIR; };
		57F1082816AC2DCD00907CBE /* UIKit.framework */ = {isa = PBXFileReference; lastKnownFileType = wrapper.framework; name = UIKit.framework; path = System/Library/Frameworks/UIKit.framework; sourceTree = SDKROOT; };
		57F1082A16AC2DCD00907CBE /* Foundation.framework */ = {isa = PBXFileReference; lastKnownFileType = wrapper.framework; name = Foundation.framework; path = System/Library/Frameworks/Foundation.framework; sourceTree = SDKROOT; };
		57F1082C16AC2DCD00907CBE /* CoreGraphics.framework */ = {isa = PBXFileReference; lastKnownFileType = wrapper.framework; name = CoreGraphics.framework; path = System/Library/Frameworks/CoreGraphics.framework; sourceTree = SDKROOT; };
		57F1083016AC2DCD00907CBE /* Stereogram-Info.plist */ = {isa = PBXFileReference; lastKnownFileType = text.plist.xml; path = "Stereogram-Info.plist"; sourceTree = "<group>"; };
		57F1083216AC2DCD00907CBE /* en */ = {isa = PBXFileReference; lastKnownFileType = text.plist.strings; name = en; path = en.lproj/InfoPlist.strings; sourceTree = "<group>"; };
		57F1083416AC2DCD00907CBE /* main.m */ = {isa = PBXFileReference; lastKnownFileType = sourcecode.c.objc; path = main.m; sourceTree = "<group>"; };
		57F1083616AC2DCD00907CBE /* Stereogram-Prefix.pch */ = {isa = PBXFileReference; lastKnownFileType = sourcecode.c.h; path = "Stereogram-Prefix.pch"; sourceTree = "<group>"; };
		57F1083716AC2DCD00907CBE /* PWAppDelegate.h */ = {isa = PBXFileReference; lastKnownFileType = sourcecode.c.h; path = PWAppDelegate.h; sourceTree = "<group>"; };
		57F1083816AC2DCD00907CBE /* PWAppDelegate.m */ = {isa = PBXFileReference; lastKnownFileType = sourcecode.c.objc; path = PWAppDelegate.m; sourceTree = "<group>"; };
		57F1083A16AC2DCD00907CBE /* Default.png */ = {isa = PBXFileReference; lastKnownFileType = image.png; path = Default.png; sourceTree = "<group>"; };
		57F1083C16AC2DCD00907CBE /* Default@2x.png */ = {isa = PBXFileReference; lastKnownFileType = image.png; path = "Default@2x.png"; sourceTree = "<group>"; };
		57F1083E16AC2DCD00907CBE /* Default-568h@2x.png */ = {isa = PBXFileReference; lastKnownFileType = image.png; path = "Default-568h@2x.png"; sourceTree = "<group>"; };
		57F1084516AC2EC600907CBE /* PWPhotoViewController.h */ = {isa = PBXFileReference; fileEncoding = 4; lastKnownFileType = sourcecode.c.h; path = PWPhotoViewController.h; sourceTree = "<group>"; };
		57F1084616AC2EC600907CBE /* PWPhotoViewController.m */ = {isa = PBXFileReference; fileEncoding = 4; lastKnownFileType = sourcecode.c.objc; path = PWPhotoViewController.m; sourceTree = "<group>"; };
		57F1084716AC2EC600907CBE /* PWPhotoView.xib */ = {isa = PBXFileReference; fileEncoding = 4; lastKnownFileType = file.xib; path = PWPhotoView.xib; sourceTree = "<group>"; };
		57F1084A16AC300400907CBE /* PWPhotoStore.h */ = {isa = PBXFileReference; fileEncoding = 4; lastKnownFileType = sourcecode.c.h; path = PWPhotoStore.h; sourceTree = "<group>"; };
		57F1084B16AC300400907CBE /* PWPhotoStore.m */ = {isa = PBXFileReference; fileEncoding = 4; lastKnownFileType = sourcecode.c.objc; path = PWPhotoStore.m; sourceTree = "<group>"; };
		57F1084D16AC35BF00907CBE /* MobileCoreServices.framework */ = {isa = PBXFileReference; lastKnownFileType = wrapper.framework; name = MobileCoreServices.framework; path = System/Library/Frameworks/MobileCoreServices.framework; sourceTree = SDKROOT; };
		57F1084F16AC400B00907CBE /* Stereogram Camera 114.png */ = {isa = PBXFileReference; lastKnownFileType = image.png; path = "Stereogram Camera 114.png"; sourceTree = SOURCE_ROOT; };
		57F1085116AC403C00907CBE /* Stereogram Camera 57.png */ = {isa = PBXFileReference; lastKnownFileType = image.png; path = "Stereogram Camera 57.png"; sourceTree = SOURCE_ROOT; };
		57F1085316AC404900907CBE /* Stereogram Camera 72.png */ = {isa = PBXFileReference; lastKnownFileType = image.png; path = "Stereogram Camera 72.png"; sourceTree = SOURCE_ROOT; };
		57F1085516AC407A00907CBE /* Stereogram Camera 144.png */ = {isa = PBXFileReference; lastKnownFileType = image.png; path = "Stereogram Camera 144.png"; sourceTree = SOURCE_ROOT; };
/* End PBXFileReference section */

/* Begin PBXFrameworksBuildPhase section */
		57F1082116AC2DCD00907CBE /* Frameworks */ = {
			isa = PBXFrameworksBuildPhase;
			buildActionMask = 2147483647;
			files = (
				57F1084E16AC35BF00907CBE /* MobileCoreServices.framework in Frameworks */,
				57F1082916AC2DCD00907CBE /* UIKit.framework in Frameworks */,
				57F1082B16AC2DCD00907CBE /* Foundation.framework in Frameworks */,
				57F1082D16AC2DCD00907CBE /* CoreGraphics.framework in Frameworks */,
			);
			runOnlyForDeploymentPostprocessing = 0;
		};
/* End PBXFrameworksBuildPhase section */

/* Begin PBXGroup section */
		577108D916B3A76A007D32DA /* UIImage-categories */ = {
			isa = PBXGroup;
			children = (
				577108DA16B3A76A007D32DA /* UIImage+Alpha.h */,
				577108DB16B3A76A007D32DA /* UIImage+Alpha.m */,
				577108DC16B3A76A007D32DA /* UIImage+Resize.h */,
				577108DD16B3A76A007D32DA /* UIImage+Resize.m */,
				577108DE16B3A76A007D32DA /* UIImage+RoundedCorner.h */,
				577108DF16B3A76A007D32DA /* UIImage+RoundedCorner.m */,
			);
			path = "UIImage-categories";
			sourceTree = "<group>";
		};
		57F1081916AC2DCD00907CBE = {
			isa = PBXGroup;
			children = (
				577108D916B3A76A007D32DA /* UIImage-categories */,
				57F1082E16AC2DCD00907CBE /* Stereogram */,
				57F1082716AC2DCD00907CBE /* Frameworks */,
				57F1082516AC2DCD00907CBE /* Products */,
			);
			sourceTree = "<group>";
		};
		57F1082516AC2DCD00907CBE /* Products */ = {
			isa = PBXGroup;
			children = (
				57F1082416AC2DCD00907CBE /* Stereogram.app */,
			);
			name = Products;
			sourceTree = "<group>";
		};
		57F1082716AC2DCD00907CBE /* Frameworks */ = {
			isa = PBXGroup;
			children = (
				57F1084D16AC35BF00907CBE /* MobileCoreServices.framework */,
				57F1082816AC2DCD00907CBE /* UIKit.framework */,
				57F1082A16AC2DCD00907CBE /* Foundation.framework */,
				57F1082C16AC2DCD00907CBE /* CoreGraphics.framework */,
			);
			name = Frameworks;
			sourceTree = "<group>";
		};
		57F1082E16AC2DCD00907CBE /* Stereogram */ = {
			isa = PBXGroup;
			children = (
				57640F3E16AF574300A94EC8 /* PWFunctional.h */,
				57640F3F16AF574300A94EC8 /* PWFunctional.m */,
				57F1083716AC2DCD00907CBE /* PWAppDelegate.h */,
				57F1083816AC2DCD00907CBE /* PWAppDelegate.m */,
				57640F4616AF6A0D00A94EC8 /* PWFullImageView.xib */,
				57640F4316AF615600A94EC8 /* PWFullImageViewController.h */,
				57640F4416AF615600A94EC8 /* PWFullImageViewController.m */,
				57F1084516AC2EC600907CBE /* PWPhotoViewController.h */,
				57F1084616AC2EC600907CBE /* PWPhotoViewController.m */,
				57F1084716AC2EC600907CBE /* PWPhotoView.xib */,
				572CB27616B1936D002CB1B9 /* PWCameraOverlayViewController.h */,
				572CB27716B1936D002CB1B9 /* PWCameraOverlayViewController.m */,
				572CB27116B19069002CB1B9 /* PWCameraOverlayView.xib */,
				57640F3B16AF399400A94EC8 /* PWImageThumbnailCell.h */,
				57640F3C16AF399400A94EC8 /* PWImageThumbnailCell.m */,
				57F1084A16AC300400907CBE /* PWPhotoStore.h */,
				57F1084B16AC300400907CBE /* PWPhotoStore.m */,
				57640F2F16ADE68B00A94EC8 /* NSError_AlertSupport.h */,
				57640F3116ADE6EC00A94EC8 /* NSError_AlertSupport.m */,
				57F1082F16AC2DCD00907CBE /* Supporting Files */,
			);
			path = Stereogram;
			sourceTree = "<group>";
		};
		57F1082F16AC2DCD00907CBE /* Supporting Files */ = {
			isa = PBXGroup;
			children = (
				577108E416B5C5BD007D32DA /* Take Photo Icon.png */,
				572CB27416B1931B002CB1B9 /* Crosshair.png */,
				57640F4816AF797400A94EC8 /* Sample Picture 1.jpg */,
				57640F4A16AF815300A94EC8 /* Sample Picture 2.jpg */,
				57F1085516AC407A00907CBE /* Stereogram Camera 144.png */,
				57F1085316AC404900907CBE /* Stereogram Camera 72.png */,
				57F1085116AC403C00907CBE /* Stereogram Camera 57.png */,
				57F1084F16AC400B00907CBE /* Stereogram Camera 114.png */,
				57F1083016AC2DCD00907CBE /* Stereogram-Info.plist */,
				57F1083116AC2DCD00907CBE /* InfoPlist.strings */,
				57F1083416AC2DCD00907CBE /* main.m */,
				57F1083616AC2DCD00907CBE /* Stereogram-Prefix.pch */,
				57F1083A16AC2DCD00907CBE /* Default.png */,
				57F1083C16AC2DCD00907CBE /* Default@2x.png */,
				57F1083E16AC2DCD00907CBE /* Default-568h@2x.png */,
			);
			name = "Supporting Files";
			sourceTree = "<group>";
		};
/* End PBXGroup section */

/* Begin PBXNativeTarget section */
		57F1082316AC2DCD00907CBE /* Stereogram */ = {
			isa = PBXNativeTarget;
			buildConfigurationList = 57F1084216AC2DCD00907CBE /* Build configuration list for PBXNativeTarget "Stereogram" */;
			buildPhases = (
				57F1082016AC2DCD00907CBE /* Sources */,
				57F1082116AC2DCD00907CBE /* Frameworks */,
				57F1082216AC2DCD00907CBE /* Resources */,
			);
			buildRules = (
			);
			dependencies = (
			);
			name = Stereogram;
			productName = Stereogram;
			productReference = 57F1082416AC2DCD00907CBE /* Stereogram.app */;
			productType = "com.apple.product-type.application";
		};
/* End PBXNativeTarget section */

/* Begin PBXProject section */
		57F1081B16AC2DCD00907CBE /* Project object */ = {
			isa = PBXProject;
			attributes = {
				CLASSPREFIX = PW;
				LastUpgradeCheck = 0450;
				ORGANIZATIONNAME = "Patrick Wallace";
			};
			buildConfigurationList = 57F1081E16AC2DCD00907CBE /* Build configuration list for PBXProject "Stereogram" */;
			compatibilityVersion = "Xcode 3.2";
			developmentRegion = English;
			hasScannedForEncodings = 0;
			knownRegions = (
				en,
			);
			mainGroup = 57F1081916AC2DCD00907CBE;
			productRefGroup = 57F1082516AC2DCD00907CBE /* Products */;
			projectDirPath = "";
			projectRoot = "";
			targets = (
				57F1082316AC2DCD00907CBE /* Stereogram */,
			);
		};
/* End PBXProject section */

/* Begin PBXResourcesBuildPhase section */
		57F1082216AC2DCD00907CBE /* Resources */ = {
			isa = PBXResourcesBuildPhase;
			buildActionMask = 2147483647;
			files = (
				57F1083316AC2DCD00907CBE /* InfoPlist.strings in Resources */,
				57F1083B16AC2DCD00907CBE /* Default.png in Resources */,
				57F1083D16AC2DCD00907CBE /* Default@2x.png in Resources */,
				57F1083F16AC2DCD00907CBE /* Default-568h@2x.png in Resources */,
				57F1084916AC2EC600907CBE /* PWPhotoView.xib in Resources */,
				57F1085016AC400B00907CBE /* Stereogram Camera 114.png in Resources */,
				57F1085216AC403C00907CBE /* Stereogram Camera 57.png in Resources */,
				57F1085716AC414700907CBE /* Stereogram Camera 144.png in Resources */,
				57F1085816AC418D00907CBE /* Stereogram Camera 72.png in Resources */,
				57640F4716AF6A0D00A94EC8 /* PWFullImageView.xib in Resources */,
				57640F4916AF797400A94EC8 /* Sample Picture 1.jpg in Resources */,
				57640F4B16AF815300A94EC8 /* Sample Picture 2.jpg in Resources */,
				572CB27216B19069002CB1B9 /* PWCameraOverlayView.xib in Resources */,
				572CB27516B1931B002CB1B9 /* Crosshair.png in Resources */,
				577108E516B5C5BD007D32DA /* Take Photo Icon.png in Resources */,
			);
			runOnlyForDeploymentPostprocessing = 0;
		};
/* End PBXResourcesBuildPhase section */

/* Begin PBXSourcesBuildPhase section */
		57F1082016AC2DCD00907CBE /* Sources */ = {
			isa = PBXSourcesBuildPhase;
			buildActionMask = 2147483647;
			files = (
				57F1083516AC2DCD00907CBE /* main.m in Sources */,
				57F1083916AC2DCD00907CBE /* PWAppDelegate.m in Sources */,
				57F1084816AC2EC600907CBE /* PWPhotoViewController.m in Sources */,
				57F1084C16AC300400907CBE /* PWPhotoStore.m in Sources */,
				57640F3216ADE6EC00A94EC8 /* NSError_AlertSupport.m in Sources */,
				57640F3D16AF399400A94EC8 /* PWImageThumbnailCell.m in Sources */,
				57640F4016AF574300A94EC8 /* PWFunctional.m in Sources */,
				57640F4516AF615600A94EC8 /* PWFullImageViewController.m in Sources */,
				572CB27816B1936D002CB1B9 /* PWCameraOverlayViewController.m in Sources */,
				577108E016B3A76A007D32DA /* UIImage+Alpha.m in Sources */,
				577108E116B3A76A007D32DA /* UIImage+Resize.m in Sources */,
				577108E216B3A76A007D32DA /* UIImage+RoundedCorner.m in Sources */,
			);
			runOnlyForDeploymentPostprocessing = 0;
		};
/* End PBXSourcesBuildPhase section */

/* Begin PBXVariantGroup section */
		57F1083116AC2DCD00907CBE /* InfoPlist.strings */ = {
			isa = PBXVariantGroup;
			children = (
				57F1083216AC2DCD00907CBE /* en */,
			);
			name = InfoPlist.strings;
			sourceTree = "<group>";
		};
/* End PBXVariantGroup section */

/* Begin XCBuildConfiguration section */
		57F1084016AC2DCD00907CBE /* Debug */ = {
			isa = XCBuildConfiguration;
			buildSettings = {
				ALWAYS_SEARCH_USER_PATHS = NO;
				CLANG_CXX_LANGUAGE_STANDARD = "gnu++0x";
				CLANG_CXX_LIBRARY = "libc++";
				CLANG_ENABLE_OBJC_ARC = YES;
				CLANG_WARN_EMPTY_BODY = YES;
				CLANG_WARN__DUPLICATE_METHOD_MATCH = YES;
				"CODE_SIGN_IDENTITY[sdk=iphoneos*]" = "iPhone Developer";
				COPY_PHASE_STRIP = NO;
				GCC_C_LANGUAGE_STANDARD = gnu99;
				GCC_DYNAMIC_NO_PIC = NO;
				GCC_OPTIMIZATION_LEVEL = 0;
				GCC_PREPROCESSOR_DEFINITIONS = (
					"DEBUG=1",
					"$(inherited)",
				);
				GCC_SYMBOLS_PRIVATE_EXTERN = NO;
				GCC_WARN_ABOUT_RETURN_TYPE = YES;
				GCC_WARN_UNINITIALIZED_AUTOS = YES;
				GCC_WARN_UNUSED_VARIABLE = YES;
				IPHONEOS_DEPLOYMENT_TARGET = 6.0;
				ONLY_ACTIVE_ARCH = YES;
				SDKROOT = iphoneos;
				TARGETED_DEVICE_FAMILY = "1,2";
			};
			name = Debug;
		};
		57F1084116AC2DCD00907CBE /* Release */ = {
			isa = XCBuildConfiguration;
			buildSettings = {
				ALWAYS_SEARCH_USER_PATHS = NO;
				CLANG_CXX_LANGUAGE_STANDARD = "gnu++0x";
				CLANG_CXX_LIBRARY = "libc++";
				CLANG_ENABLE_OBJC_ARC = YES;
				CLANG_WARN_EMPTY_BODY = YES;
				CLANG_WARN__DUPLICATE_METHOD_MATCH = YES;
				"CODE_SIGN_IDENTITY[sdk=iphoneos*]" = "iPhone Developer";
				COPY_PHASE_STRIP = YES;
				GCC_C_LANGUAGE_STANDARD = gnu99;
				GCC_WARN_ABOUT_RETURN_TYPE = YES;
				GCC_WARN_UNINITIALIZED_AUTOS = YES;
				GCC_WARN_UNUSED_VARIABLE = YES;
				IPHONEOS_DEPLOYMENT_TARGET = 6.0;
				OTHER_CFLAGS = "-DNS_BLOCK_ASSERTIONS=1";
				SDKROOT = iphoneos;
				TARGETED_DEVICE_FAMILY = "1,2";
				VALIDATE_PRODUCT = YES;
			};
			name = Release;
		};
		57F1084316AC2DCD00907CBE /* Debug */ = {
			isa = XCBuildConfiguration;
			buildSettings = {
				GCC_PRECOMPILE_PREFIX_HEADER = YES;
				GCC_PREFIX_HEADER = "Stereogram/Stereogram-Prefix.pch";
				INFOPLIST_FILE = "Stereogram/Stereogram-Info.plist";
				PRODUCT_NAME = "$(TARGET_NAME)";
				WRAPPER_EXTENSION = app;
			};
			name = Debug;
		};
		57F1084416AC2DCD00907CBE /* Release */ = {
			isa = XCBuildConfiguration;
			buildSettings = {
				GCC_PRECOMPILE_PREFIX_HEADER = YES;
				GCC_PREFIX_HEADER = "Stereogram/Stereogram-Prefix.pch";
				INFOPLIST_FILE = "Stereogram/Stereogram-Info.plist";
				PRODUCT_NAME = "$(TARGET_NAME)";
				WRAPPER_EXTENSION = app;
			};
			name = Release;
		};
/* End XCBuildConfiguration section */

/* Begin XCConfigurationList section */
		57F1081E16AC2DCD00907CBE /* Build configuration list for PBXProject "Stereogram" */ = {
			isa = XCConfigurationList;
			buildConfigurations = (
				57F1084016AC2DCD00907CBE /* Debug */,
				57F1084116AC2DCD00907CBE /* Release */,
			);
			defaultConfigurationIsVisible = 0;
			defaultConfigurationName = Release;
		};
		57F1084216AC2DCD00907CBE /* Build configuration list for PBXNativeTarget "Stereogram" */ = {
			isa = XCConfigurationList;
			buildConfigurations = (
				57F1084316AC2DCD00907CBE /* Debug */,
				57F1084416AC2DCD00907CBE /* Release */,
			);
			defaultConfigurationIsVisible = 0;
			defaultConfigurationName = Release;
		};
/* End XCConfigurationList section */
	};
	rootObject = 57F1081B16AC2DCD00907CBE /* Project object */;
}
