// !$*UTF8*$!
{
	archiveVersion = 1;
	classes = {
	};
	objectVersion = 46;
	objects = {

/* Begin PBXBuildFile section */
		5713AA041ADB6B84006A0718 /* CollectionViewThumbnailProvider.m in Sources */ = {isa = PBXBuildFile; fileRef = 5713AA031ADB6B84006A0718 /* CollectionViewThumbnailProvider.m */; };
		5713AA071ADB7957006A0718 /* StereogramViewController.m in Sources */ = {isa = PBXBuildFile; fileRef = 5713AA061ADB7957006A0718 /* StereogramViewController.m */; };
		572CB27216B19069002CB1B9 /* CameraOverlayView.xib in Resources */ = {isa = PBXBuildFile; fileRef = 572CB27116B19069002CB1B9 /* CameraOverlayView.xib */; };
		572CB27816B1936D002CB1B9 /* CameraOverlayViewController.m in Sources */ = {isa = PBXBuildFile; fileRef = 572CB27716B1936D002CB1B9 /* CameraOverlayViewController.m */; };
		57587D011ADC5EF800A16D64 /* WelcomeViewController.m in Sources */ = {isa = PBXBuildFile; fileRef = 57587CFF1ADC5EF800A16D64 /* WelcomeViewController.m */; };
		57587D041ADC655100A16D64 /* WelcomeView.xib in Resources */ = {isa = PBXBuildFile; fileRef = 57587D031ADC655100A16D64 /* WelcomeView.xib */; };
		57587D061ADC6E5500A16D64 /* Welcome Text.html in Resources */ = {isa = PBXBuildFile; fileRef = 57587D051ADC6E5500A16D64 /* Welcome Text.html */; };
		57587D081ADD088300A16D64 /* Assets.xcassets in Resources */ = {isa = PBXBuildFile; fileRef = 57587D071ADD088300A16D64 /* Assets.xcassets */; };
		57640F3216ADE6EC00A94EC8 /* NSError_AlertSupport.m in Sources */ = {isa = PBXBuildFile; fileRef = 57640F3116ADE6EC00A94EC8 /* NSError_AlertSupport.m */; };
		57640F3D16AF399400A94EC8 /* ImageThumbnailCell.m in Sources */ = {isa = PBXBuildFile; fileRef = 57640F3C16AF399400A94EC8 /* ImageThumbnailCell.m */; };
		57640F4016AF574300A94EC8 /* PWFunctional.m in Sources */ = {isa = PBXBuildFile; fileRef = 57640F3F16AF574300A94EC8 /* PWFunctional.m */; };
		57640F4516AF615600A94EC8 /* FullImageViewController.m in Sources */ = {isa = PBXBuildFile; fileRef = 57640F4416AF615600A94EC8 /* FullImageViewController.m */; };
		57640F4716AF6A0D00A94EC8 /* FullImageView.xib in Resources */ = {isa = PBXBuildFile; fileRef = 57640F4616AF6A0D00A94EC8 /* FullImageView.xib */; };
		577108E016B3A76A007D32DA /* UIImage+Alpha.m in Sources */ = {isa = PBXBuildFile; fileRef = 577108DB16B3A76A007D32DA /* UIImage+Alpha.m */; };
		577108E116B3A76A007D32DA /* UIImage+Resize.m in Sources */ = {isa = PBXBuildFile; fileRef = 577108DD16B3A76A007D32DA /* UIImage+Resize.m */; };
		577108E216B3A76A007D32DA /* UIImage+RoundedCorner.m in Sources */ = {isa = PBXBuildFile; fileRef = 577108DF16B3A76A007D32DA /* UIImage+RoundedCorner.m */; };
		577108EC16B8B5CB007D32DA /* PWAlertView.m in Sources */ = {isa = PBXBuildFile; fileRef = 577108EB16B8B5CA007D32DA /* PWAlertView.m */; };
		577108EF16B8CC1E007D32DA /* PWActionSheet.m in Sources */ = {isa = PBXBuildFile; fileRef = 577108EE16B8CC1E007D32DA /* PWActionSheet.m */; };
		577108F816BF5BFA007D32DA /* Notes.txt in Resources */ = {isa = PBXBuildFile; fileRef = 577108F716BF5BFA007D32DA /* Notes.txt */; };
		57DE76401AD833FB000F9CF0 /* ImageManager.m in Sources */ = {isa = PBXBuildFile; fileRef = 57DE763F1AD833FB000F9CF0 /* ImageManager.m */; };
		57DE76431AD83579000F9CF0 /* ThumbnailCache.m in Sources */ = {isa = PBXBuildFile; fileRef = 57DE76421AD83579000F9CF0 /* ThumbnailCache.m */; };
		57DE76461AD838F7000F9CF0 /* ErrorData.m in Sources */ = {isa = PBXBuildFile; fileRef = 57DE76451AD838F7000F9CF0 /* ErrorData.m */; };
		57F1082916AC2DCD00907CBE /* UIKit.framework in Frameworks */ = {isa = PBXBuildFile; fileRef = 57F1082816AC2DCD00907CBE /* UIKit.framework */; };
		57F1082B16AC2DCD00907CBE /* Foundation.framework in Frameworks */ = {isa = PBXBuildFile; fileRef = 57F1082A16AC2DCD00907CBE /* Foundation.framework */; };
		57F1082D16AC2DCD00907CBE /* CoreGraphics.framework in Frameworks */ = {isa = PBXBuildFile; fileRef = 57F1082C16AC2DCD00907CBE /* CoreGraphics.framework */; };
		57F1083316AC2DCD00907CBE /* InfoPlist.strings in Resources */ = {isa = PBXBuildFile; fileRef = 57F1083116AC2DCD00907CBE /* InfoPlist.strings */; };
		57F1083516AC2DCD00907CBE /* main.m in Sources */ = {isa = PBXBuildFile; fileRef = 57F1083416AC2DCD00907CBE /* main.m */; };
		57F1083916AC2DCD00907CBE /* AppDelegate.m in Sources */ = {isa = PBXBuildFile; fileRef = 57F1083816AC2DCD00907CBE /* AppDelegate.m */; };
		57F1084816AC2EC600907CBE /* PhotoViewController.m in Sources */ = {isa = PBXBuildFile; fileRef = 57F1084616AC2EC600907CBE /* PhotoViewController.m */; };
		57F1084916AC2EC600907CBE /* PhotoView.xib in Resources */ = {isa = PBXBuildFile; fileRef = 57F1084716AC2EC600907CBE /* PhotoView.xib */; };
		57F1084C16AC300400907CBE /* PhotoStore.m in Sources */ = {isa = PBXBuildFile; fileRef = 57F1084B16AC300400907CBE /* PhotoStore.m */; };
		57F1084E16AC35BF00907CBE /* MobileCoreServices.framework in Frameworks */ = {isa = PBXBuildFile; fileRef = 57F1084D16AC35BF00907CBE /* MobileCoreServices.framework */; };
/* End PBXBuildFile section */

/* Begin PBXFileReference section */
		5713AA021ADB6B84006A0718 /* CollectionViewThumbnailProvider.h */ = {isa = PBXFileReference; fileEncoding = 4; lastKnownFileType = sourcecode.c.h; path = CollectionViewThumbnailProvider.h; sourceTree = "<group>"; };
		5713AA031ADB6B84006A0718 /* CollectionViewThumbnailProvider.m */ = {isa = PBXFileReference; fileEncoding = 4; lastKnownFileType = sourcecode.c.objc; path = CollectionViewThumbnailProvider.m; sourceTree = "<group>"; };
		5713AA051ADB7957006A0718 /* StereogramViewController.h */ = {isa = PBXFileReference; fileEncoding = 4; lastKnownFileType = sourcecode.c.h; path = StereogramViewController.h; sourceTree = "<group>"; };
		5713AA061ADB7957006A0718 /* StereogramViewController.m */ = {isa = PBXFileReference; fileEncoding = 4; lastKnownFileType = sourcecode.c.objc; path = StereogramViewController.m; sourceTree = "<group>"; };
		572CB27116B19069002CB1B9 /* CameraOverlayView.xib */ = {isa = PBXFileReference; fileEncoding = 4; lastKnownFileType = file.xib; path = CameraOverlayView.xib; sourceTree = "<group>"; };
		572CB27616B1936D002CB1B9 /* CameraOverlayViewController.h */ = {isa = PBXFileReference; fileEncoding = 4; lastKnownFileType = sourcecode.c.h; path = CameraOverlayViewController.h; sourceTree = "<group>"; };
		572CB27716B1936D002CB1B9 /* CameraOverlayViewController.m */ = {isa = PBXFileReference; fileEncoding = 4; lastKnownFileType = sourcecode.c.objc; path = CameraOverlayViewController.m; sourceTree = "<group>"; };
		57587CFE1ADC5EF800A16D64 /* WelcomeViewController.h */ = {isa = PBXFileReference; fileEncoding = 4; lastKnownFileType = sourcecode.c.h; path = WelcomeViewController.h; sourceTree = "<group>"; };
		57587CFF1ADC5EF800A16D64 /* WelcomeViewController.m */ = {isa = PBXFileReference; fileEncoding = 4; lastKnownFileType = sourcecode.c.objc; path = WelcomeViewController.m; sourceTree = "<group>"; };
		57587D031ADC655100A16D64 /* WelcomeView.xib */ = {isa = PBXFileReference; fileEncoding = 4; lastKnownFileType = file.xib; path = WelcomeView.xib; sourceTree = "<group>"; };
		57587D051ADC6E5500A16D64 /* Welcome Text.html */ = {isa = PBXFileReference; fileEncoding = 4; lastKnownFileType = text.html; path = "Welcome Text.html"; sourceTree = "<group>"; };
		57587D071ADD088300A16D64 /* Assets.xcassets */ = {isa = PBXFileReference; lastKnownFileType = folder.assetcatalog; path = Assets.xcassets; sourceTree = "<group>"; };
		57587D0A1ADD1EBD00A16D64 /* Data */ = {isa = PBXFileReference; lastKnownFileType = file.bplist; path = Data; sourceTree = "<group>"; };
		57587D0B1ADD1EBD00A16D64 /* metadata */ = {isa = PBXFileReference; lastKnownFileType = text.xml; path = metadata; sourceTree = "<group>"; };
		57587D0D1ADD1EBD00A16D64 /* Preview.png */ = {isa = PBXFileReference; lastKnownFileType = image.png; path = Preview.png; sourceTree = "<group>"; };
		57587D0E1ADD1EBD00A16D64 /* Thumbnail.png */ = {isa = PBXFileReference; lastKnownFileType = image.png; path = Thumbnail.png; sourceTree = "<group>"; };
		57587D0F1ADD1EBD00A16D64 /* version */ = {isa = PBXFileReference; lastKnownFileType = text; path = version; sourceTree = "<group>"; };
		57640F2F16ADE68B00A94EC8 /* NSError_AlertSupport.h */ = {isa = PBXFileReference; lastKnownFileType = sourcecode.c.h; path = NSError_AlertSupport.h; sourceTree = "<group>"; };
		57640F3116ADE6EC00A94EC8 /* NSError_AlertSupport.m */ = {isa = PBXFileReference; fileEncoding = 4; lastKnownFileType = sourcecode.c.objc; path = NSError_AlertSupport.m; sourceTree = "<group>"; };
		57640F3B16AF399400A94EC8 /* ImageThumbnailCell.h */ = {isa = PBXFileReference; fileEncoding = 4; lastKnownFileType = sourcecode.c.h; path = ImageThumbnailCell.h; sourceTree = "<group>"; };
		57640F3C16AF399400A94EC8 /* ImageThumbnailCell.m */ = {isa = PBXFileReference; fileEncoding = 4; lastKnownFileType = sourcecode.c.objc; path = ImageThumbnailCell.m; sourceTree = "<group>"; };
		57640F3E16AF574300A94EC8 /* PWFunctional.h */ = {isa = PBXFileReference; fileEncoding = 4; lastKnownFileType = sourcecode.c.h; path = PWFunctional.h; sourceTree = "<group>"; };
		57640F3F16AF574300A94EC8 /* PWFunctional.m */ = {isa = PBXFileReference; fileEncoding = 4; lastKnownFileType = sourcecode.c.objc; path = PWFunctional.m; sourceTree = "<group>"; };
		57640F4316AF615600A94EC8 /* FullImageViewController.h */ = {isa = PBXFileReference; fileEncoding = 4; lastKnownFileType = sourcecode.c.h; path = FullImageViewController.h; sourceTree = "<group>"; };
		57640F4416AF615600A94EC8 /* FullImageViewController.m */ = {isa = PBXFileReference; fileEncoding = 4; lastKnownFileType = sourcecode.c.objc; path = FullImageViewController.m; sourceTree = "<group>"; };
		57640F4616AF6A0D00A94EC8 /* FullImageView.xib */ = {isa = PBXFileReference; fileEncoding = 4; lastKnownFileType = file.xib; path = FullImageView.xib; sourceTree = "<group>"; };
		577108DA16B3A76A007D32DA /* UIImage+Alpha.h */ = {isa = PBXFileReference; fileEncoding = 4; lastKnownFileType = sourcecode.c.h; path = "UIImage+Alpha.h"; sourceTree = "<group>"; };
		577108DB16B3A76A007D32DA /* UIImage+Alpha.m */ = {isa = PBXFileReference; fileEncoding = 4; lastKnownFileType = sourcecode.c.objc; path = "UIImage+Alpha.m"; sourceTree = "<group>"; };
		577108DC16B3A76A007D32DA /* UIImage+Resize.h */ = {isa = PBXFileReference; fileEncoding = 4; lastKnownFileType = sourcecode.c.h; path = "UIImage+Resize.h"; sourceTree = "<group>"; };
		577108DD16B3A76A007D32DA /* UIImage+Resize.m */ = {isa = PBXFileReference; fileEncoding = 4; lastKnownFileType = sourcecode.c.objc; path = "UIImage+Resize.m"; sourceTree = "<group>"; };
		577108DE16B3A76A007D32DA /* UIImage+RoundedCorner.h */ = {isa = PBXFileReference; fileEncoding = 4; lastKnownFileType = sourcecode.c.h; path = "UIImage+RoundedCorner.h"; sourceTree = "<group>"; };
		577108DF16B3A76A007D32DA /* UIImage+RoundedCorner.m */ = {isa = PBXFileReference; fileEncoding = 4; lastKnownFileType = sourcecode.c.objc; path = "UIImage+RoundedCorner.m"; sourceTree = "<group>"; };
		577108EA16B8B5C9007D32DA /* PWAlertView.h */ = {isa = PBXFileReference; fileEncoding = 4; lastKnownFileType = sourcecode.c.h; path = PWAlertView.h; sourceTree = "<group>"; };
		577108EB16B8B5CA007D32DA /* PWAlertView.m */ = {isa = PBXFileReference; fileEncoding = 4; lastKnownFileType = sourcecode.c.objc; path = PWAlertView.m; sourceTree = "<group>"; };
		577108ED16B8CC1D007D32DA /* PWActionSheet.h */ = {isa = PBXFileReference; fileEncoding = 4; lastKnownFileType = sourcecode.c.h; path = PWActionSheet.h; sourceTree = "<group>"; };
		577108EE16B8CC1E007D32DA /* PWActionSheet.m */ = {isa = PBXFileReference; fileEncoding = 4; lastKnownFileType = sourcecode.c.objc; path = PWActionSheet.m; sourceTree = "<group>"; };
		577108F716BF5BFA007D32DA /* Notes.txt */ = {isa = PBXFileReference; fileEncoding = 4; lastKnownFileType = text; name = Notes.txt; path = Stereogram/Notes.txt; sourceTree = "<group>"; };
		57DE763E1AD833FB000F9CF0 /* ImageManager.h */ = {isa = PBXFileReference; fileEncoding = 4; lastKnownFileType = sourcecode.c.h; path = ImageManager.h; sourceTree = "<group>"; };
		57DE763F1AD833FB000F9CF0 /* ImageManager.m */ = {isa = PBXFileReference; fileEncoding = 4; lastKnownFileType = sourcecode.c.objc; path = ImageManager.m; sourceTree = "<group>"; };
		57DE76411AD83579000F9CF0 /* ThumbnailCache.h */ = {isa = PBXFileReference; fileEncoding = 4; lastKnownFileType = sourcecode.c.h; path = ThumbnailCache.h; sourceTree = "<group>"; };
		57DE76421AD83579000F9CF0 /* ThumbnailCache.m */ = {isa = PBXFileReference; fileEncoding = 4; lastKnownFileType = sourcecode.c.objc; path = ThumbnailCache.m; sourceTree = "<group>"; };
		57DE76441AD838F7000F9CF0 /* ErrorData.h */ = {isa = PBXFileReference; fileEncoding = 4; lastKnownFileType = sourcecode.c.h; path = ErrorData.h; sourceTree = "<group>"; };
		57DE76451AD838F7000F9CF0 /* ErrorData.m */ = {isa = PBXFileReference; fileEncoding = 4; lastKnownFileType = sourcecode.c.objc; path = ErrorData.m; sourceTree = "<group>"; };
		57F1082416AC2DCD00907CBE /* Stereogram.app */ = {isa = PBXFileReference; explicitFileType = wrapper.application; includeInIndex = 0; path = Stereogram.app; sourceTree = BUILT_PRODUCTS_DIR; };
		57F1082816AC2DCD00907CBE /* UIKit.framework */ = {isa = PBXFileReference; lastKnownFileType = wrapper.framework; name = UIKit.framework; path = System/Library/Frameworks/UIKit.framework; sourceTree = SDKROOT; };
		57F1082A16AC2DCD00907CBE /* Foundation.framework */ = {isa = PBXFileReference; lastKnownFileType = wrapper.framework; name = Foundation.framework; path = System/Library/Frameworks/Foundation.framework; sourceTree = SDKROOT; };
		57F1082C16AC2DCD00907CBE /* CoreGraphics.framework */ = {isa = PBXFileReference; lastKnownFileType = wrapper.framework; name = CoreGraphics.framework; path = System/Library/Frameworks/CoreGraphics.framework; sourceTree = SDKROOT; };
		57F1083016AC2DCD00907CBE /* Stereogram-Info.plist */ = {isa = PBXFileReference; lastKnownFileType = text.plist.xml; path = "Stereogram-Info.plist"; sourceTree = "<group>"; };
		57F1083216AC2DCD00907CBE /* en */ = {isa = PBXFileReference; lastKnownFileType = text.plist.strings; name = en; path = en.lproj/InfoPlist.strings; sourceTree = "<group>"; };
		57F1083416AC2DCD00907CBE /* main.m */ = {isa = PBXFileReference; lastKnownFileType = sourcecode.c.objc; path = main.m; sourceTree = "<group>"; };
		57F1083616AC2DCD00907CBE /* Stereogram-Prefix.pch */ = {isa = PBXFileReference; lastKnownFileType = sourcecode.c.h; path = "Stereogram-Prefix.pch"; sourceTree = "<group>"; };
		57F1083716AC2DCD00907CBE /* AppDelegate.h */ = {isa = PBXFileReference; lastKnownFileType = sourcecode.c.h; path = AppDelegate.h; sourceTree = "<group>"; };
		57F1083816AC2DCD00907CBE /* AppDelegate.m */ = {isa = PBXFileReference; lastKnownFileType = sourcecode.c.objc; path = AppDelegate.m; sourceTree = "<group>"; };
		57F1084516AC2EC600907CBE /* PhotoViewController.h */ = {isa = PBXFileReference; fileEncoding = 4; lastKnownFileType = sourcecode.c.h; path = PhotoViewController.h; sourceTree = "<group>"; };
		57F1084616AC2EC600907CBE /* PhotoViewController.m */ = {isa = PBXFileReference; fileEncoding = 4; lastKnownFileType = sourcecode.c.objc; path = PhotoViewController.m; sourceTree = "<group>"; };
		57F1084716AC2EC600907CBE /* PhotoView.xib */ = {isa = PBXFileReference; fileEncoding = 4; lastKnownFileType = file.xib; path = PhotoView.xib; sourceTree = "<group>"; };
		57F1084A16AC300400907CBE /* PhotoStore.h */ = {isa = PBXFileReference; fileEncoding = 4; lastKnownFileType = sourcecode.c.h; path = PhotoStore.h; sourceTree = "<group>"; };
		57F1084B16AC300400907CBE /* PhotoStore.m */ = {isa = PBXFileReference; fileEncoding = 4; lastKnownFileType = sourcecode.c.objc; path = PhotoStore.m; sourceTree = "<group>"; };
		57F1084D16AC35BF00907CBE /* MobileCoreServices.framework */ = {isa = PBXFileReference; lastKnownFileType = wrapper.framework; name = MobileCoreServices.framework; path = System/Library/Frameworks/MobileCoreServices.framework; sourceTree = SDKROOT; };
/* End PBXFileReference section */

/* Begin PBXFrameworksBuildPhase section */
		57F1082116AC2DCD00907CBE /* Frameworks */ = {
			isa = PBXFrameworksBuildPhase;
			buildActionMask = 2147483647;
			files = (
				57F1084E16AC35BF00907CBE /* MobileCoreServices.framework in Frameworks */,
				57F1082916AC2DCD00907CBE /* UIKit.framework in Frameworks */,
				57F1082B16AC2DCD00907CBE /* Foundation.framework in Frameworks */,
				57F1082D16AC2DCD00907CBE /* CoreGraphics.framework in Frameworks */,
			);
			runOnlyForDeploymentPostprocessing = 0;
		};
/* End PBXFrameworksBuildPhase section */

/* Begin PBXGroup section */
		57587D091ADD1EBD00A16D64 /* AppIcon.sketch */ = {
			isa = PBXGroup;
			children = (
				57587D0A1ADD1EBD00A16D64 /* Data */,
				57587D0B1ADD1EBD00A16D64 /* metadata */,
				57587D0C1ADD1EBD00A16D64 /* QuickLook */,
				57587D0F1ADD1EBD00A16D64 /* version */,
			);
			path = AppIcon.sketch;
			sourceTree = "<group>";
		};
		57587D0C1ADD1EBD00A16D64 /* QuickLook */ = {
			isa = PBXGroup;
			children = (
				57587D0D1ADD1EBD00A16D64 /* Preview.png */,
				57587D0E1ADD1EBD00A16D64 /* Thumbnail.png */,
			);
			path = QuickLook;
			sourceTree = "<group>";
		};
		577108D916B3A76A007D32DA /* UIImage-categories */ = {
			isa = PBXGroup;
			children = (
				577108DA16B3A76A007D32DA /* UIImage+Alpha.h */,
				577108DB16B3A76A007D32DA /* UIImage+Alpha.m */,
				577108DC16B3A76A007D32DA /* UIImage+Resize.h */,
				577108DD16B3A76A007D32DA /* UIImage+Resize.m */,
				577108DE16B3A76A007D32DA /* UIImage+RoundedCorner.h */,
				577108DF16B3A76A007D32DA /* UIImage+RoundedCorner.m */,
			);
			path = "UIImage-categories";
			sourceTree = "<group>";
		};
		577108F016B9E04B007D32DA /* Views */ = {
			isa = PBXGroup;
			children = (
				57640F4616AF6A0D00A94EC8 /* FullImageView.xib */,
				57F1084716AC2EC600907CBE /* PhotoView.xib */,
				572CB27116B19069002CB1B9 /* CameraOverlayView.xib */,
				57640F3B16AF399400A94EC8 /* ImageThumbnailCell.h */,
				57640F3C16AF399400A94EC8 /* ImageThumbnailCell.m */,
				57587D031ADC655100A16D64 /* WelcomeView.xib */,
			);
			name = Views;
			sourceTree = "<group>";
		};
		577108F116B9E064007D32DA /* Model */ = {
			isa = PBXGroup;
			children = (
				57DE76441AD838F7000F9CF0 /* ErrorData.h */,
				57DE76451AD838F7000F9CF0 /* ErrorData.m */,
				57DE763E1AD833FB000F9CF0 /* ImageManager.h */,
				57DE763F1AD833FB000F9CF0 /* ImageManager.m */,
				57F1084A16AC300400907CBE /* PhotoStore.h */,
				57F1084B16AC300400907CBE /* PhotoStore.m */,
				57DE76411AD83579000F9CF0 /* ThumbnailCache.h */,
				57DE76421AD83579000F9CF0 /* ThumbnailCache.m */,
			);
			name = Model;
			sourceTree = "<group>";
		};
		577108F216B9E07C007D32DA /* Controllers */ = {
			isa = PBXGroup;
			children = (
				57640F4316AF615600A94EC8 /* FullImageViewController.h */,
				57640F4416AF615600A94EC8 /* FullImageViewController.m */,
				57F1084516AC2EC600907CBE /* PhotoViewController.h */,
				57F1084616AC2EC600907CBE /* PhotoViewController.m */,
				572CB27616B1936D002CB1B9 /* CameraOverlayViewController.h */,
				572CB27716B1936D002CB1B9 /* CameraOverlayViewController.m */,
				5713AA051ADB7957006A0718 /* StereogramViewController.h */,
				5713AA061ADB7957006A0718 /* StereogramViewController.m */,
				57587CFE1ADC5EF800A16D64 /* WelcomeViewController.h */,
				57587CFF1ADC5EF800A16D64 /* WelcomeViewController.m */,
			);
			name = Controllers;
			sourceTree = "<group>";
		};
		57F1081916AC2DCD00907CBE = {
			isa = PBXGroup;
			children = (
				57587D091ADD1EBD00A16D64 /* AppIcon.sketch */,
				577108F716BF5BFA007D32DA /* Notes.txt */,
				577108D916B3A76A007D32DA /* UIImage-categories */,
				57F1082E16AC2DCD00907CBE /* Stereogram */,
				57F1082716AC2DCD00907CBE /* Frameworks */,
				57F1082516AC2DCD00907CBE /* Products */,
			);
			sourceTree = "<group>";
		};
		57F1082516AC2DCD00907CBE /* Products */ = {
			isa = PBXGroup;
			children = (
				57F1082416AC2DCD00907CBE /* Stereogram.app */,
			);
			name = Products;
			sourceTree = "<group>";
		};
		57F1082716AC2DCD00907CBE /* Frameworks */ = {
			isa = PBXGroup;
			children = (
				57F1084D16AC35BF00907CBE /* MobileCoreServices.framework */,
				57F1082816AC2DCD00907CBE /* UIKit.framework */,
				57F1082A16AC2DCD00907CBE /* Foundation.framework */,
				57F1082C16AC2DCD00907CBE /* CoreGraphics.framework */,
			);
			name = Frameworks;
			sourceTree = "<group>";
		};
		57F1082E16AC2DCD00907CBE /* Stereogram */ = {
			isa = PBXGroup;
			children = (
				577108F116B9E064007D32DA /* Model */,
				577108F016B9E04B007D32DA /* Views */,
				577108F216B9E07C007D32DA /* Controllers */,
				57640F3E16AF574300A94EC8 /* PWFunctional.h */,
				57640F3F16AF574300A94EC8 /* PWFunctional.m */,
				57F1083716AC2DCD00907CBE /* AppDelegate.h */,
				57F1083816AC2DCD00907CBE /* AppDelegate.m */,
				577108EA16B8B5C9007D32DA /* PWAlertView.h */,
				577108EB16B8B5CA007D32DA /* PWAlertView.m */,
				577108ED16B8CC1D007D32DA /* PWActionSheet.h */,
				577108EE16B8CC1E007D32DA /* PWActionSheet.m */,
				5713AA021ADB6B84006A0718 /* CollectionViewThumbnailProvider.h */,
				5713AA031ADB6B84006A0718 /* CollectionViewThumbnailProvider.m */,
				57640F2F16ADE68B00A94EC8 /* NSError_AlertSupport.h */,
				57640F3116ADE6EC00A94EC8 /* NSError_AlertSupport.m */,
				57F1083416AC2DCD00907CBE /* main.m */,
				57F1082F16AC2DCD00907CBE /* Supporting Files */,
			);
			path = Stereogram;
			sourceTree = "<group>";
		};
		57F1082F16AC2DCD00907CBE /* Supporting Files */ = {
			isa = PBXGroup;
			children = (
				57F1083016AC2DCD00907CBE /* Stereogram-Info.plist */,
				57F1083116AC2DCD00907CBE /* InfoPlist.strings */,
				57F1083616AC2DCD00907CBE /* Stereogram-Prefix.pch */,
				57587D051ADC6E5500A16D64 /* Welcome Text.html */,
				57587D071ADD088300A16D64 /* Assets.xcassets */,
			);
			name = "Supporting Files";
			sourceTree = "<group>";
		};
/* End PBXGroup section */

/* Begin PBXNativeTarget section */
		57F1082316AC2DCD00907CBE /* Stereogram */ = {
			isa = PBXNativeTarget;
			buildConfigurationList = 57F1084216AC2DCD00907CBE /* Build configuration list for PBXNativeTarget "Stereogram" */;
			buildPhases = (
				57F1082016AC2DCD00907CBE /* Sources */,
				57F1082116AC2DCD00907CBE /* Frameworks */,
				57F1082216AC2DCD00907CBE /* Resources */,
			);
			buildRules = (
			);
			dependencies = (
			);
			name = Stereogram;
			productName = Stereogram;
			productReference = 57F1082416AC2DCD00907CBE /* Stereogram.app */;
			productType = "com.apple.product-type.application";
		};
/* End PBXNativeTarget section */

/* Begin PBXProject section */
		57F1081B16AC2DCD00907CBE /* Project object */ = {
			isa = PBXProject;
			attributes = {
				CLASSPREFIX = PW;
				LastTestingUpgradeCheck = 0630;
				LastUpgradeCheck = 0450;
				ORGANIZATIONNAME = "Patrick Wallace";
			};
			buildConfigurationList = 57F1081E16AC2DCD00907CBE /* Build configuration list for PBXProject "Stereogram" */;
			compatibilityVersion = "Xcode 3.2";
			developmentRegion = English;
			hasScannedForEncodings = 0;
			knownRegions = (
				en,
			);
			mainGroup = 57F1081916AC2DCD00907CBE;
			productRefGroup = 57F1082516AC2DCD00907CBE /* Products */;
			projectDirPath = "";
			projectRoot = "";
			targets = (
				57F1082316AC2DCD00907CBE /* Stereogram */,
			);
		};
/* End PBXProject section */

/* Begin PBXResourcesBuildPhase section */
		57F1082216AC2DCD00907CBE /* Resources */ = {
			isa = PBXResourcesBuildPhase;
			buildActionMask = 2147483647;
			files = (
				57F1083316AC2DCD00907CBE /* InfoPlist.strings in Resources */,
				57587D081ADD088300A16D64 /* Assets.xcassets in Resources */,
				57F1084916AC2EC600907CBE /* PhotoView.xib in Resources */,
				57640F4716AF6A0D00A94EC8 /* FullImageView.xib in Resources */,
				57587D041ADC655100A16D64 /* WelcomeView.xib in Resources */,
				572CB27216B19069002CB1B9 /* CameraOverlayView.xib in Resources */,
				57587D061ADC6E5500A16D64 /* Welcome Text.html in Resources */,
				577108F816BF5BFA007D32DA /* Notes.txt in Resources */,
			);
			runOnlyForDeploymentPostprocessing = 0;
		};
/* End PBXResourcesBuildPhase section */

/* Begin PBXSourcesBuildPhase section */
		57F1082016AC2DCD00907CBE /* Sources */ = {
			isa = PBXSourcesBuildPhase;
			buildActionMask = 2147483647;
			files = (
				57F1083516AC2DCD00907CBE /* main.m in Sources */,
				57F1083916AC2DCD00907CBE /* AppDelegate.m in Sources */,
				57DE76461AD838F7000F9CF0 /* ErrorData.m in Sources */,
				57F1084816AC2EC600907CBE /* PhotoViewController.m in Sources */,
				5713AA041ADB6B84006A0718 /* CollectionViewThumbnailProvider.m in Sources */,
				57587D011ADC5EF800A16D64 /* WelcomeViewController.m in Sources */,
				5713AA071ADB7957006A0718 /* StereogramViewController.m in Sources */,
				57F1084C16AC300400907CBE /* PhotoStore.m in Sources */,
				57640F3216ADE6EC00A94EC8 /* NSError_AlertSupport.m in Sources */,
				57640F3D16AF399400A94EC8 /* ImageThumbnailCell.m in Sources */,
				57640F4016AF574300A94EC8 /* PWFunctional.m in Sources */,
				57640F4516AF615600A94EC8 /* FullImageViewController.m in Sources */,
				572CB27816B1936D002CB1B9 /* CameraOverlayViewController.m in Sources */,
				577108E016B3A76A007D32DA /* UIImage+Alpha.m in Sources */,
				577108E116B3A76A007D32DA /* UIImage+Resize.m in Sources */,
				577108E216B3A76A007D32DA /* UIImage+RoundedCorner.m in Sources */,
				57DE76431AD83579000F9CF0 /* ThumbnailCache.m in Sources */,
				57DE76401AD833FB000F9CF0 /* ImageManager.m in Sources */,
				577108EC16B8B5CB007D32DA /* PWAlertView.m in Sources */,
				577108EF16B8CC1E007D32DA /* PWActionSheet.m in Sources */,
			);
			runOnlyForDeploymentPostprocessing = 0;
		};
/* End PBXSourcesBuildPhase section */

/* Begin PBXVariantGroup section */
		57F1083116AC2DCD00907CBE /* InfoPlist.strings */ = {
			isa = PBXVariantGroup;
			children = (
				57F1083216AC2DCD00907CBE /* en */,
			);
			name = InfoPlist.strings;
			sourceTree = "<group>";
		};
/* End PBXVariantGroup section */

/* Begin XCBuildConfiguration section */
		57F1084016AC2DCD00907CBE /* Debug */ = {
			isa = XCBuildConfiguration;
			buildSettings = {
				ALWAYS_SEARCH_USER_PATHS = NO;
				CLANG_CXX_LANGUAGE_STANDARD = "gnu++0x";
				CLANG_CXX_LIBRARY = "libc++";
				CLANG_ENABLE_OBJC_ARC = YES;
				CLANG_WARN_EMPTY_BODY = YES;
				CLANG_WARN__DUPLICATE_METHOD_MATCH = YES;
				"CODE_SIGN_IDENTITY[sdk=iphoneos*]" = "iPhone Developer";
				COPY_PHASE_STRIP = NO;
				GCC_C_LANGUAGE_STANDARD = gnu99;
				GCC_DYNAMIC_NO_PIC = NO;
				GCC_OPTIMIZATION_LEVEL = 0;
				GCC_PREPROCESSOR_DEFINITIONS = (
					"DEBUG=1",
					"$(inherited)",
				);
				GCC_SYMBOLS_PRIVATE_EXTERN = NO;
				GCC_WARN_ABOUT_RETURN_TYPE = YES;
				GCC_WARN_UNINITIALIZED_AUTOS = YES;
				GCC_WARN_UNUSED_VARIABLE = YES;
				IPHONEOS_DEPLOYMENT_TARGET = 6.0;
				ONLY_ACTIVE_ARCH = YES;
				SDKROOT = iphoneos;
				TARGETED_DEVICE_FAMILY = "1,2";
			};
			name = Debug;
		};
		57F1084116AC2DCD00907CBE /* Release */ = {
			isa = XCBuildConfiguration;
			buildSettings = {
				ALWAYS_SEARCH_USER_PATHS = NO;
				CLANG_CXX_LANGUAGE_STANDARD = "gnu++0x";
				CLANG_CXX_LIBRARY = "libc++";
				CLANG_ENABLE_OBJC_ARC = YES;
				CLANG_WARN_EMPTY_BODY = YES;
				CLANG_WARN__DUPLICATE_METHOD_MATCH = YES;
				"CODE_SIGN_IDENTITY[sdk=iphoneos*]" = "iPhone Developer";
				COPY_PHASE_STRIP = YES;
				GCC_C_LANGUAGE_STANDARD = gnu99;
				GCC_WARN_ABOUT_RETURN_TYPE = YES;
				GCC_WARN_UNINITIALIZED_AUTOS = YES;
				GCC_WARN_UNUSED_VARIABLE = YES;
				IPHONEOS_DEPLOYMENT_TARGET = 6.0;
				OTHER_CFLAGS = "-DNS_BLOCK_ASSERTIONS=1";
				SDKROOT = iphoneos;
				TARGETED_DEVICE_FAMILY = "1,2";
				VALIDATE_PRODUCT = YES;
			};
			name = Release;
		};
		57F1084316AC2DCD00907CBE /* Debug */ = {
			isa = XCBuildConfiguration;
			buildSettings = {
				ASSETCATALOG_COMPILER_APPICON_NAME = AppIcon;
				ASSETCATALOG_COMPILER_LAUNCHIMAGE_NAME = LaunchImage;
				GCC_PRECOMPILE_PREFIX_HEADER = YES;
				GCC_PREFIX_HEADER = "Stereogram/Stereogram-Prefix.pch";
				INFOPLIST_FILE = "Stereogram/Stereogram-Info.plist";
				"OTHER_CFLAGS[arch=*]" = (
					"-Wall",
					"-Wextra",
					"-Wno-unused-parameter",
				);
				PRODUCT_NAME = "$(TARGET_NAME)";
				TARGETED_DEVICE_FAMILY = 1;
				WRAPPER_EXTENSION = app;
			};
			name = Debug;
		};
		57F1084416AC2DCD00907CBE /* Release */ = {
			isa = XCBuildConfiguration;
			buildSettings = {
				ASSETCATALOG_COMPILER_APPICON_NAME = AppIcon;
				ASSETCATALOG_COMPILER_LAUNCHIMAGE_NAME = LaunchImage;
				GCC_PRECOMPILE_PREFIX_HEADER = YES;
				GCC_PREFIX_HEADER = "Stereogram/Stereogram-Prefix.pch";
				INFOPLIST_FILE = "Stereogram/Stereogram-Info.plist";
				"OTHER_CFLAGS[arch=*]" = (
					"-Wall",
					"-Wextra",
					"-Wno-unused-parameter",
				);
				PRODUCT_NAME = "$(TARGET_NAME)";
				TARGETED_DEVICE_FAMILY = 1;
				WRAPPER_EXTENSION = app;
			};
			name = Release;
		};
/* End XCBuildConfiguration section */

/* Begin XCConfigurationList section */
		57F1081E16AC2DCD00907CBE /* Build configuration list for PBXProject "Stereogram" */ = {
			isa = XCConfigurationList;
			buildConfigurations = (
				57F1084016AC2DCD00907CBE /* Debug */,
				57F1084116AC2DCD00907CBE /* Release */,
			);
			defaultConfigurationIsVisible = 0;
			defaultConfigurationName = Release;
		};
		57F1084216AC2DCD00907CBE /* Build configuration list for PBXNativeTarget "Stereogram" */ = {
			isa = XCConfigurationList;
			buildConfigurations = (
				57F1084316AC2DCD00907CBE /* Debug */,
				57F1084416AC2DCD00907CBE /* Release */,
			);
			defaultConfigurationIsVisible = 0;
			defaultConfigurationName = Release;
		};
/* End XCConfigurationList section */
	};
	rootObject = 57F1081B16AC2DCD00907CBE /* Project object */;
}
